
Microsoft Visual Studio Solution File, Format Version 12.00
# Visual Studio Version 16
VisualStudioVersion = 16.0.29424.173
MinimumVisualStudioVersion = 10.0.40219.1
Project("{FAE04EC0-301F-11D3-BF4B-00C04F79EFBC}") = "BalancingParentheses", "BalancingParentheses\BalancingParentheses.csproj", "{2563E416-A8C4-4E6E-8787-A353E10A86EF}"
EndProject
Global
	GlobalSection(SolutionConfigurationPlatforms) = preSolution
		Debug|Any CPU = Debug|Any CPU
		Release|Any CPU = Release|Any CPU
	EndGlobalSection
	GlobalSection(ProjectConfigurationPlatforms) = postSolution
		{2563E416-A8C4-4E6E-8787-A353E10A86EF}.Debug|Any CPU.ActiveCfg = Debug|Any CPU
		{2563E416-A8C4-4E6E-8787-A353E10A86EF}.Debug|Any CPU.Build.0 = Debug|Any CPU
		{2563E416-A8C4-4E6E-8787-A353E10A86EF}.Release|Any CPU.ActiveCfg = Release|Any CPU
		{2563E416-A8C4-4E6E-8787-A353E10A86EF}.Release|Any CPU.Build.0 = Release|Any CPU
	EndGlobalSection
	GlobalSection(SolutionProperties) = preSolution
		HideSolutionNode = FALSE
	EndGlobalSection
	GlobalSection(ExtensibilityGlobals) = postSolution
		SolutionGuid = {E6EB9AD2-DC46-4E7E-8B7A-B70E51FEFA57}
	EndGlobalSection
EndGlobal
